
Microsoft Visual Studio Solution File, Format Version 12.00
# Visual Studio Version 17
VisualStudioVersion = 17.3.32922.545
MinimumVisualStudioVersion = 10.0.40219.1
Project("{FAE04EC0-301F-11D3-BF4B-00C04F79EFBC}") = "CreatingCustomExceptions", "CreatingCustomExceptions\CreatingCustomExceptions.csproj", "{E7E246E0-2EE6-4D15-A243-9A5F8A9B250C}"
EndProject
Global
	GlobalSection(SolutionConfigurationPlatforms) = preSolution
		Debug|Any CPU = Debug|Any CPU
		Release|Any CPU = Release|Any CPU
	EndGlobalSection
	GlobalSection(ProjectConfigurationPlatforms) = postSolution
		{E7E246E0-2EE6-4D15-A243-9A5F8A9B250C}.Debug|Any CPU.ActiveCfg = Debug|Any CPU
		{E7E246E0-2EE6-4D15-A243-9A5F8A9B250C}.Debug|Any CPU.Build.0 = Debug|Any CPU
		{E7E246E0-2EE6-4D15-A243-9A5F8A9B250C}.Release|Any CPU.ActiveCfg = Release|Any CPU
		{E7E246E0-2EE6-4D15-A243-9A5F8A9B250C}.Release|Any CPU.Build.0 = Release|Any CPU
	EndGlobalSection
	GlobalSection(SolutionProperties) = preSolution
		HideSolutionNode = FALSE
	EndGlobalSection
	GlobalSection(ExtensibilityGlobals) = postSolution
		SolutionGuid = {734A5CE9-5B23-4A58-BA13-29F9919F9B0A}
	EndGlobalSection
EndGlobal
