
Microsoft Visual Studio Solution File, Format Version 12.00
# Visual Studio Version 17
VisualStudioVersion = 17.3.32922.545
MinimumVisualStudioVersion = 10.0.40219.1
Project("{FAE04EC0-301F-11D3-BF4B-00C04F79EFBC}") = "ExercicioDeFixacao_Excecoes", "ExercicioDeFixacao_Excecoes\ExercicioDeFixacao_Excecoes.csproj", "{777841A6-864B-43EC-852C-3772C15A6618}"
EndProject
Global
	GlobalSection(SolutionConfigurationPlatforms) = preSolution
		Debug|Any CPU = Debug|Any CPU
		Release|Any CPU = Release|Any CPU
	EndGlobalSection
	GlobalSection(ProjectConfigurationPlatforms) = postSolution
		{777841A6-864B-43EC-852C-3772C15A6618}.Debug|Any CPU.ActiveCfg = Debug|Any CPU
		{777841A6-864B-43EC-852C-3772C15A6618}.Debug|Any CPU.Build.0 = Debug|Any CPU
		{777841A6-864B-43EC-852C-3772C15A6618}.Release|Any CPU.ActiveCfg = Release|Any CPU
		{777841A6-864B-43EC-852C-3772C15A6618}.Release|Any CPU.Build.0 = Release|Any CPU
	EndGlobalSection
	GlobalSection(SolutionProperties) = preSolution
		HideSolutionNode = FALSE
	EndGlobalSection
	GlobalSection(ExtensibilityGlobals) = postSolution
		SolutionGuid = {F2543C8A-0839-4B22-9328-CCD84FDBC171}
	EndGlobalSection
EndGlobal
