
Microsoft Visual Studio Solution File, Format Version 12.00
# Visual Studio Version 17
VisualStudioVersion = 17.3.32922.545
MinimumVisualStudioVersion = 10.0.40219.1
Project("{FAE04EC0-301F-11D3-BF4B-00C04F79EFBC}") = "EstruturaTry_Catch", "EstruturaTry_Catch\EstruturaTry_Catch.csproj", "{EFF9FE6A-4A0C-4DF1-A590-8C605F064639}"
EndProject
Global
	GlobalSection(SolutionConfigurationPlatforms) = preSolution
		Debug|Any CPU = Debug|Any CPU
		Release|Any CPU = Release|Any CPU
	EndGlobalSection
	GlobalSection(ProjectConfigurationPlatforms) = postSolution
		{EFF9FE6A-4A0C-4DF1-A590-8C605F064639}.Debug|Any CPU.ActiveCfg = Debug|Any CPU
		{EFF9FE6A-4A0C-4DF1-A590-8C605F064639}.Debug|Any CPU.Build.0 = Debug|Any CPU
		{EFF9FE6A-4A0C-4DF1-A590-8C605F064639}.Release|Any CPU.ActiveCfg = Release|Any CPU
		{EFF9FE6A-4A0C-4DF1-A590-8C605F064639}.Release|Any CPU.Build.0 = Release|Any CPU
	EndGlobalSection
	GlobalSection(SolutionProperties) = preSolution
		HideSolutionNode = FALSE
	EndGlobalSection
	GlobalSection(ExtensibilityGlobals) = postSolution
		SolutionGuid = {B80BD9B9-5D9E-482A-8D3A-955CEDA13426}
	EndGlobalSection
EndGlobal
